
Microsoft Visual Studio Solution File, Format Version 12.00
# Visual Studio Version 17
VisualStudioVersion = 17.4.33213.308
MinimumVisualStudioVersion = 10.0.40219.1
Project("{FAE04EC0-301F-11D3-BF4B-00C04F79EFBC}") = "DemoMVVMB.Android", "DemoMVVMB\DemoMVVMB.Android\DemoMVVMB.Android.csproj", "{8FD0B243-173C-4ED1-BD48-188CC55A7927}"
EndProject
Project("{FAE04EC0-301F-11D3-BF4B-00C04F79EFBC}") = "DemoMVVMB.iOS", "DemoMVVMB\DemoMVVMB.iOS\DemoMVVMB.iOS.csproj", "{9CE2B783-4136-4B51-B22A-0BEB07B2518B}"
EndProject
Project("{FAE04EC0-301F-11D3-BF4B-00C04F79EFBC}") = "DemoMVVMB", "DemoMVVMB\DemoMVVMB\DemoMVVMB.csproj", "{6F285DC1-0E80-4C8A-9C76-7D103951BDF5}"
EndProject
Global
	GlobalSection(SolutionConfigurationPlatforms) = preSolution
		Debug|Any CPU = Debug|Any CPU
		Debug|iPhone = Debug|iPhone
		Debug|iPhoneSimulator = Debug|iPhoneSimulator
		Release|Any CPU = Release|Any CPU
		Release|iPhone = Release|iPhone
		Release|iPhoneSimulator = Release|iPhoneSimulator
	EndGlobalSection
	GlobalSection(ProjectConfigurationPlatforms) = postSolution
		{8FD0B243-173C-4ED1-BD48-188CC55A7927}.Debug|Any CPU.ActiveCfg = Debug|Any CPU
		{8FD0B243-173C-4ED1-BD48-188CC55A7927}.Debug|Any CPU.Build.0 = Debug|Any CPU
		{8FD0B243-173C-4ED1-BD48-188CC55A7927}.Debug|Any CPU.Deploy.0 = Debug|Any CPU
		{8FD0B243-173C-4ED1-BD48-188CC55A7927}.Debug|iPhone.ActiveCfg = Debug|Any CPU
		{8FD0B243-173C-4ED1-BD48-188CC55A7927}.Debug|iPhone.Build.0 = Debug|Any CPU
		{8FD0B243-173C-4ED1-BD48-188CC55A7927}.Debug|iPhone.Deploy.0 = Debug|Any CPU
		{8FD0B243-173C-4ED1-BD48-188CC55A7927}.Debug|iPhoneSimulator.ActiveCfg = Debug|Any CPU
		{8FD0B243-173C-4ED1-BD48-188CC55A7927}.Debug|iPhoneSimulator.Build.0 = Debug|Any CPU
		{8FD0B243-173C-4ED1-BD48-188CC55A7927}.Debug|iPhoneSimulator.Deploy.0 = Debug|Any CPU
		{8FD0B243-173C-4ED1-BD48-188CC55A7927}.Release|Any CPU.ActiveCfg = Release|Any CPU
		{8FD0B243-173C-4ED1-BD48-188CC55A7927}.Release|Any CPU.Build.0 = Release|Any CPU
		{8FD0B243-173C-4ED1-BD48-188CC55A7927}.Release|Any CPU.Deploy.0 = Release|Any CPU
		{8FD0B243-173C-4ED1-BD48-188CC55A7927}.Release|iPhone.ActiveCfg = Release|Any CPU
		{8FD0B243-173C-4ED1-BD48-188CC55A7927}.Release|iPhone.Build.0 = Release|Any CPU
		{8FD0B243-173C-4ED1-BD48-188CC55A7927}.Release|iPhone.Deploy.0 = Release|Any CPU
		{8FD0B243-173C-4ED1-BD48-188CC55A7927}.Release|iPhoneSimulator.ActiveCfg = Release|Any CPU
		{8FD0B243-173C-4ED1-BD48-188CC55A7927}.Release|iPhoneSimulator.Build.0 = Release|Any CPU
		{8FD0B243-173C-4ED1-BD48-188CC55A7927}.Release|iPhoneSimulator.Deploy.0 = Release|Any CPU
		{9CE2B783-4136-4B51-B22A-0BEB07B2518B}.Debug|Any CPU.ActiveCfg = Debug|iPhone
		{9CE2B783-4136-4B51-B22A-0BEB07B2518B}.Debug|Any CPU.Build.0 = Debug|iPhone
		{9CE2B783-4136-4B51-B22A-0BEB07B2518B}.Debug|Any CPU.Deploy.0 = Debug|iPhone
		{9CE2B783-4136-4B51-B22A-0BEB07B2518B}.Debug|iPhone.ActiveCfg = Debug|iPhone
		{9CE2B783-4136-4B51-B22A-0BEB07B2518B}.Debug|iPhone.Build.0 = Debug|iPhone
		{9CE2B783-4136-4B51-B22A-0BEB07B2518B}.Debug|iPhone.Deploy.0 = Debug|iPhone
		{9CE2B783-4136-4B51-B22A-0BEB07B2518B}.Debug|iPhoneSimulator.ActiveCfg = Debug|iPhoneSimulator
		{9CE2B783-4136-4B51-B22A-0BEB07B2518B}.Debug|iPhoneSimulator.Build.0 = Debug|iPhoneSimulator
		{9CE2B783-4136-4B51-B22A-0BEB07B2518B}.Debug|iPhoneSimulator.Deploy.0 = Debug|iPhoneSimulator
		{9CE2B783-4136-4B51-B22A-0BEB07B2518B}.Release|Any CPU.ActiveCfg = Release|iPhoneSimulator
		{9CE2B783-4136-4B51-B22A-0BEB07B2518B}.Release|Any CPU.Build.0 = Release|iPhoneSimulator
		{9CE2B783-4136-4B51-B22A-0BEB07B2518B}.Release|Any CPU.Deploy.0 = Release|iPhoneSimulator
		{9CE2B783-4136-4B51-B22A-0BEB07B2518B}.Release|iPhone.ActiveCfg = Release|iPhone
		{9CE2B783-4136-4B51-B22A-0BEB07B2518B}.Release|iPhone.Build.0 = Release|iPhone
		{9CE2B783-4136-4B51-B22A-0BEB07B2518B}.Release|iPhone.Deploy.0 = Release|iPhone
		{9CE2B783-4136-4B51-B22A-0BEB07B2518B}.Release|iPhoneSimulator.ActiveCfg = Release|iPhoneSimulator
		{9CE2B783-4136-4B51-B22A-0BEB07B2518B}.Release|iPhoneSimulator.Build.0 = Release|iPhoneSimulator
		{9CE2B783-4136-4B51-B22A-0BEB07B2518B}.Release|iPhoneSimulator.Deploy.0 = Release|iPhoneSimulator
		{6F285DC1-0E80-4C8A-9C76-7D103951BDF5}.Debug|Any CPU.ActiveCfg = Debug|Any CPU
		{6F285DC1-0E80-4C8A-9C76-7D103951BDF5}.Debug|Any CPU.Build.0 = Debug|Any CPU
		{6F285DC1-0E80-4C8A-9C76-7D103951BDF5}.Debug|Any CPU.Deploy.0 = Debug|Any CPU
		{6F285DC1-0E80-4C8A-9C76-7D103951BDF5}.Debug|iPhone.ActiveCfg = Debug|Any CPU
		{6F285DC1-0E80-4C8A-9C76-7D103951BDF5}.Debug|iPhone.Build.0 = Debug|Any CPU
		{6F285DC1-0E80-4C8A-9C76-7D103951BDF5}.Debug|iPhone.Deploy.0 = Debug|Any CPU
		{6F285DC1-0E80-4C8A-9C76-7D103951BDF5}.Debug|iPhoneSimulator.ActiveCfg = Debug|Any CPU
		{6F285DC1-0E80-4C8A-9C76-7D103951BDF5}.Debug|iPhoneSimulator.Build.0 = Debug|Any CPU
		{6F285DC1-0E80-4C8A-9C76-7D103951BDF5}.Debug|iPhoneSimulator.Deploy.0 = Debug|Any CPU
		{6F285DC1-0E80-4C8A-9C76-7D103951BDF5}.Release|Any CPU.ActiveCfg = Release|Any CPU
		{6F285DC1-0E80-4C8A-9C76-7D103951BDF5}.Release|Any CPU.Build.0 = Release|Any CPU
		{6F285DC1-0E80-4C8A-9C76-7D103951BDF5}.Release|Any CPU.Deploy.0 = Release|Any CPU
		{6F285DC1-0E80-4C8A-9C76-7D103951BDF5}.Release|iPhone.ActiveCfg = Release|Any CPU
		{6F285DC1-0E80-4C8A-9C76-7D103951BDF5}.Release|iPhone.Build.0 = Release|Any CPU
		{6F285DC1-0E80-4C8A-9C76-7D103951BDF5}.Release|iPhone.Deploy.0 = Release|Any CPU
		{6F285DC1-0E80-4C8A-9C76-7D103951BDF5}.Release|iPhoneSimulator.ActiveCfg = Release|Any CPU
		{6F285DC1-0E80-4C8A-9C76-7D103951BDF5}.Release|iPhoneSimulator.Build.0 = Release|Any CPU
		{6F285DC1-0E80-4C8A-9C76-7D103951BDF5}.Release|iPhoneSimulator.Deploy.0 = Release|Any CPU
	EndGlobalSection
	GlobalSection(SolutionProperties) = preSolution
		HideSolutionNode = FALSE
	EndGlobalSection
	GlobalSection(ExtensibilityGlobals) = postSolution
		SolutionGuid = {13AE8FC2-F98B-4A1C-995D-C4BDDAD460ED}
	EndGlobalSection
EndGlobal
